
Microsoft Visual Studio Solution File, Format Version 12.00
# Visual Studio 14
VisualStudioVersion = 14.0.25420.1
MinimumVisualStudioVersion = 10.0.40219.1
Project("{FAE04EC0-301F-11D3-BF4B-00C04F79EFBC}") = "FizzBuzzLib", "FizzBuzzLib\FizzBuzzLib.csproj", "{13B9D509-EA7A-4682-9B6C-9857166D75A4}"
EndProject
Project("{FAE04EC0-301F-11D3-BF4B-00C04F79EFBC}") = "FizzBuzzLibTests", "FizzBuzzLibTests\FizzBuzzLibTests.csproj", "{C398E967-CD07-4555-9E12-8368234B654A}"
EndProject
Project("{FAE04EC0-301F-11D3-BF4B-00C04F79EFBC}") = "SampleFizzBuzz", "SampleFizzBuzz\SampleFizzBuzz.csproj", "{49F1A36C-1CE4-4106-B70B-76BF97A71E36}"
EndProject
Global
	GlobalSection(SolutionConfigurationPlatforms) = preSolution
		Debug|Any CPU = Debug|Any CPU
		Release|Any CPU = Release|Any CPU
	EndGlobalSection
	GlobalSection(ProjectConfigurationPlatforms) = postSolution
		{13B9D509-EA7A-4682-9B6C-9857166D75A4}.Debug|Any CPU.ActiveCfg = Debug|Any CPU
		{13B9D509-EA7A-4682-9B6C-9857166D75A4}.Debug|Any CPU.Build.0 = Debug|Any CPU
		{13B9D509-EA7A-4682-9B6C-9857166D75A4}.Release|Any CPU.ActiveCfg = Release|Any CPU
		{13B9D509-EA7A-4682-9B6C-9857166D75A4}.Release|Any CPU.Build.0 = Release|Any CPU
		{C398E967-CD07-4555-9E12-8368234B654A}.Debug|Any CPU.ActiveCfg = Debug|Any CPU
		{C398E967-CD07-4555-9E12-8368234B654A}.Debug|Any CPU.Build.0 = Debug|Any CPU
		{C398E967-CD07-4555-9E12-8368234B654A}.Release|Any CPU.ActiveCfg = Release|Any CPU
		{C398E967-CD07-4555-9E12-8368234B654A}.Release|Any CPU.Build.0 = Release|Any CPU
		{49F1A36C-1CE4-4106-B70B-76BF97A71E36}.Debug|Any CPU.ActiveCfg = Debug|Any CPU
		{49F1A36C-1CE4-4106-B70B-76BF97A71E36}.Debug|Any CPU.Build.0 = Debug|Any CPU
		{49F1A36C-1CE4-4106-B70B-76BF97A71E36}.Release|Any CPU.ActiveCfg = Release|Any CPU
		{49F1A36C-1CE4-4106-B70B-76BF97A71E36}.Release|Any CPU.Build.0 = Release|Any CPU
	EndGlobalSection
	GlobalSection(SolutionProperties) = preSolution
		HideSolutionNode = FALSE
	EndGlobalSection
EndGlobal
